
Microsoft Visual Studio Solution File, Format Version 12.00
# Visual Studio 2013
VisualStudioVersion = 12.0.31010.0
MinimumVisualStudioVersion = 10.0.40219.1
Project("{FAE04EC0-301F-11D3-BF4B-00C04F79EFBC}") = "Quadtree", "Quadtree\Quadtree.csproj", "{88BCBF55-0EDA-45B6-A979-13C3ECF40C96}"
EndProject
Project("{FAE04EC0-301F-11D3-BF4B-00C04F79EFBC}") = "Quadtree.Tests", "Quadtree.Tests\Quadtree.Tests.csproj", "{B60D9F49-8B96-4303-B948-71348697D077}"
EndProject
Project("{FAE04EC0-301F-11D3-BF4B-00C04F79EFBC}") = "Quadtree.Examples", "QuadTree.Examples\Quadtree.Examples.csproj", "{27322BB2-88DC-4A00-97C5-D4916B9498A3}"
EndProject
Global
	GlobalSection(SolutionConfigurationPlatforms) = preSolution
		Debug|Any CPU = Debug|Any CPU
		Release|Any CPU = Release|Any CPU
	EndGlobalSection
	GlobalSection(ProjectConfigurationPlatforms) = postSolution
		{88BCBF55-0EDA-45B6-A979-13C3ECF40C96}.Debug|Any CPU.ActiveCfg = Debug|Any CPU
		{88BCBF55-0EDA-45B6-A979-13C3ECF40C96}.Debug|Any CPU.Build.0 = Debug|Any CPU
		{88BCBF55-0EDA-45B6-A979-13C3ECF40C96}.Release|Any CPU.ActiveCfg = Release|Any CPU
		{88BCBF55-0EDA-45B6-A979-13C3ECF40C96}.Release|Any CPU.Build.0 = Release|Any CPU
		{B60D9F49-8B96-4303-B948-71348697D077}.Debug|Any CPU.ActiveCfg = Debug|Any CPU
		{B60D9F49-8B96-4303-B948-71348697D077}.Debug|Any CPU.Build.0 = Debug|Any CPU
		{B60D9F49-8B96-4303-B948-71348697D077}.Release|Any CPU.ActiveCfg = Release|Any CPU
		{B60D9F49-8B96-4303-B948-71348697D077}.Release|Any CPU.Build.0 = Release|Any CPU
		{27322BB2-88DC-4A00-97C5-D4916B9498A3}.Debug|Any CPU.ActiveCfg = Debug|Any CPU
		{27322BB2-88DC-4A00-97C5-D4916B9498A3}.Debug|Any CPU.Build.0 = Debug|Any CPU
		{27322BB2-88DC-4A00-97C5-D4916B9498A3}.Release|Any CPU.ActiveCfg = Release|Any CPU
		{27322BB2-88DC-4A00-97C5-D4916B9498A3}.Release|Any CPU.Build.0 = Release|Any CPU
	EndGlobalSection
	GlobalSection(SolutionProperties) = preSolution
		HideSolutionNode = FALSE
	EndGlobalSection
EndGlobal
